// !$*UTF8*$!
{
	archiveVersion = 1;
	classes = {
	};
	objectVersion = 56;
	objects = {

/* Begin PBXBuildFile section */
		BF79B5C529B704E000FB25EA /* Assets.xcassets in Resources */ = {isa = PBXBuildFile; fileRef = BF79B5BF29B7024A00FB25EA /* Assets.xcassets */; };
		BF9413E429B5EB6E00CFB3D1 /* AppDelegate.swift in Sources */ = {isa = PBXBuildFile; fileRef = BF9413E329B5EB6E00CFB3D1 /* AppDelegate.swift */; };
		BF9413E629B5EB6E00CFB3D1 /* SceneDelegate.swift in Sources */ = {isa = PBXBuildFile; fileRef = BF9413E529B5EB6E00CFB3D1 /* SceneDelegate.swift */; };
		BF9413E829B5EB6E00CFB3D1 /* HomeViewController.swift in Sources */ = {isa = PBXBuildFile; fileRef = BF9413E729B5EB6E00CFB3D1 /* HomeViewController.swift */; };
		BF9413EB29B5EB6E00CFB3D1 /* Main.storyboard in Resources */ = {isa = PBXBuildFile; fileRef = BF9413E929B5EB6E00CFB3D1 /* Main.storyboard */; };
		BF9413F029B5EB6F00CFB3D1 /* LaunchScreen.storyboard in Resources */ = {isa = PBXBuildFile; fileRef = BF9413EE29B5EB6F00CFB3D1 /* LaunchScreen.storyboard */; };
		BF9413FC29B5F27F00CFB3D1 /* Movie.swift in Sources */ = {isa = PBXBuildFile; fileRef = BF9413FB29B5F27F00CFB3D1 /* Movie.swift */; };
		BF9413FE29B5F8A000CFB3D1 /* DetailViewController.swift in Sources */ = {isa = PBXBuildFile; fileRef = BF9413FD29B5F8A000CFB3D1 /* DetailViewController.swift */; };
		BF94140029B6031600CFB3D1 /* MovieCell.swift in Sources */ = {isa = PBXBuildFile; fileRef = BF9413FF29B6031600CFB3D1 /* MovieCell.swift */; };
		BF94140329B60D1D00CFB3D1 /* Nuke in Frameworks */ = {isa = PBXBuildFile; productRef = BF94140229B60D1D00CFB3D1 /* Nuke */; };
/* End PBXBuildFile section */

/* Begin PBXFileReference section */
		BF79B5BF29B7024A00FB25EA /* Assets.xcassets */ = {isa = PBXFileReference; lastKnownFileType = folder.assetcatalog; name = Assets.xcassets; path = Project_02/Assets.xcassets; sourceTree = SOURCE_ROOT; };
		BF9413E029B5EB6E00CFB3D1 /* Project_02.app */ = {isa = PBXFileReference; explicitFileType = wrapper.application; includeInIndex = 0; path = Project_02.app; sourceTree = BUILT_PRODUCTS_DIR; };
		BF9413E329B5EB6E00CFB3D1 /* AppDelegate.swift */ = {isa = PBXFileReference; lastKnownFileType = sourcecode.swift; path = AppDelegate.swift; sourceTree = "<group>"; };
		BF9413E529B5EB6E00CFB3D1 /* SceneDelegate.swift */ = {isa = PBXFileReference; lastKnownFileType = sourcecode.swift; path = SceneDelegate.swift; sourceTree = "<group>"; };
		BF9413E729B5EB6E00CFB3D1 /* HomeViewController.swift */ = {isa = PBXFileReference; lastKnownFileType = sourcecode.swift; path = HomeViewController.swift; sourceTree = "<group>"; };
		BF9413EA29B5EB6E00CFB3D1 /* Base */ = {isa = PBXFileReference; lastKnownFileType = file.storyboard; name = Base; path = Base.lproj/Main.storyboard; sourceTree = "<group>"; };
		BF9413EF29B5EB6F00CFB3D1 /* Base */ = {isa = PBXFileReference; lastKnownFileType = file.storyboard; name = Base; path = Base.lproj/LaunchScreen.storyboard; sourceTree = "<group>"; };
		BF9413F129B5EB6F00CFB3D1 /* Info.plist */ = {isa = PBXFileReference; lastKnownFileType = text.plist.xml; path = Info.plist; sourceTree = "<group>"; };
		BF9413FB29B5F27F00CFB3D1 /* Movie.swift */ = {isa = PBXFileReference; lastKnownFileType = sourcecode.swift; path = Movie.swift; sourceTree = "<group>"; };
		BF9413FD29B5F8A000CFB3D1 /* DetailViewController.swift */ = {isa = PBXFileReference; lastKnownFileType = sourcecode.swift; path = DetailViewController.swift; sourceTree = "<group>"; };
		BF9413FF29B6031600CFB3D1 /* MovieCell.swift */ = {isa = PBXFileReference; lastKnownFileType = sourcecode.swift; path = MovieCell.swift; sourceTree = "<group>"; };
/* End PBXFileReference section */

/* Begin PBXFrameworksBuildPhase section */
		BF9413DD29B5EB6E00CFB3D1 /* Frameworks */ = {
			isa = PBXFrameworksBuildPhase;
			buildActionMask = 2147483647;
			files = (
				BF94140329B60D1D00CFB3D1 /* Nuke in Frameworks */,
			);
			runOnlyForDeploymentPostprocessing = 0;
		};
/* End PBXFrameworksBuildPhase section */

/* Begin PBXGroup section */
		BF9413D729B5EB6E00CFB3D1 = {
			isa = PBXGroup;
			children = (
				BF9413E229B5EB6E00CFB3D1 /* Project_02 */,
				BF9413E129B5EB6E00CFB3D1 /* Products */,
			);
			sourceTree = "<group>";
		};
		BF9413E129B5EB6E00CFB3D1 /* Products */ = {
			isa = PBXGroup;
			children = (
				BF9413E029B5EB6E00CFB3D1 /* Project_02.app */,
			);
			name = Products;
			sourceTree = "<group>";
		};
		BF9413E229B5EB6E00CFB3D1 /* Project_02 */ = {
			isa = PBXGroup;
			children = (
				BF9413FA29B5F26C00CFB3D1 /* Models */,
				BF9413E329B5EB6E00CFB3D1 /* AppDelegate.swift */,
				BF9413E529B5EB6E00CFB3D1 /* SceneDelegate.swift */,
				BF9413FD29B5F8A000CFB3D1 /* DetailViewController.swift */,
				BF9413E729B5EB6E00CFB3D1 /* HomeViewController.swift */,
				BF9413FF29B6031600CFB3D1 /* MovieCell.swift */,
				BF9413E929B5EB6E00CFB3D1 /* Main.storyboard */,
				BF9413EE29B5EB6F00CFB3D1 /* LaunchScreen.storyboard */,
				BF79B5BF29B7024A00FB25EA /* Assets.xcassets */,
				BF9413F129B5EB6F00CFB3D1 /* Info.plist */,
			);
			path = Project_02;
			sourceTree = "<group>";
		};
		BF9413FA29B5F26C00CFB3D1 /* Models */ = {
			isa = PBXGroup;
			children = (
				BF9413FB29B5F27F00CFB3D1 /* Movie.swift */,
			);
			path = Models;
			sourceTree = "<group>";
		};
/* End PBXGroup section */

/* Begin PBXNativeTarget section */
		BF9413DF29B5EB6E00CFB3D1 /* Project_02 */ = {
			isa = PBXNativeTarget;
			buildConfigurationList = BF9413F429B5EB6F00CFB3D1 /* Build configuration list for PBXNativeTarget "Project_02" */;
			buildPhases = (
				BF9413DC29B5EB6E00CFB3D1 /* Sources */,
				BF9413DD29B5EB6E00CFB3D1 /* Frameworks */,
				BF9413DE29B5EB6E00CFB3D1 /* Resources */,
			);
			buildRules = (
			);
			dependencies = (
			);
			name = Project_02;
			packageProductDependencies = (
				BF94140229B60D1D00CFB3D1 /* Nuke */,
			);
			productName = Project_02;
			productReference = BF9413E029B5EB6E00CFB3D1 /* Project_02.app */;
			productType = "com.apple.product-type.application";
		};
/* End PBXNativeTarget section */

/* Begin PBXProject section */
		BF9413D829B5EB6E00CFB3D1 /* Project object */ = {
			isa = PBXProject;
			attributes = {
				BuildIndependentTargetsInParallel = 1;
				LastSwiftUpdateCheck = 1420;
				LastUpgradeCheck = 1420;
				TargetAttributes = {
					BF9413DF29B5EB6E00CFB3D1 = {
						CreatedOnToolsVersion = 14.2;
					};
				};
			};
			buildConfigurationList = BF9413DB29B5EB6E00CFB3D1 /* Build configuration list for PBXProject "Project_02" */;
			compatibilityVersion = "Xcode 14.0";
			developmentRegion = en;
			hasScannedForEncodings = 0;
			knownRegions = (
				en,
				Base,
			);
			mainGroup = BF9413D729B5EB6E00CFB3D1;
			packageReferences = (
				BF94140129B60D1D00CFB3D1 /* XCRemoteSwiftPackageReference "Nuke" */,
			);
			productRefGroup = BF9413E129B5EB6E00CFB3D1 /* Products */;
			projectDirPath = "";
			projectRoot = "";
			targets = (
				BF9413DF29B5EB6E00CFB3D1 /* Project_02 */,
			);
		};
/* End PBXProject section */

/* Begin PBXResourcesBuildPhase section */
		BF9413DE29B5EB6E00CFB3D1 /* Resources */ = {
			isa = PBXResourcesBuildPhase;
			buildActionMask = 2147483647;
			files = (
				BF9413F029B5EB6F00CFB3D1 /* LaunchScreen.storyboard in Resources */,
				BF79B5C529B704E000FB25EA /* Assets.xcassets in Resources */,
				BF9413EB29B5EB6E00CFB3D1 /* Main.storyboard in Resources */,
			);
			runOnlyForDeploymentPostprocessing = 0;
		};
/* End PBXResourcesBuildPhase section */

/* Begin PBXSourcesBuildPhase section */
		BF9413DC29B5EB6E00CFB3D1 /* Sources */ = {
			isa = PBXSourcesBuildPhase;
			buildActionMask = 2147483647;
			files = (
				BF9413E829B5EB6E00CFB3D1 /* HomeViewController.swift in Sources */,
				BF9413E429B5EB6E00CFB3D1 /* AppDelegate.swift in Sources */,
				BF94140029B6031600CFB3D1 /* MovieCell.swift in Sources */,
				BF9413FE29B5F8A000CFB3D1 /* DetailViewController.swift in Sources */,
				BF9413FC29B5F27F00CFB3D1 /* Movie.swift in Sources */,
				BF9413E629B5EB6E00CFB3D1 /* SceneDelegate.swift in Sources */,
			);
			runOnlyForDeploymentPostprocessing = 0;
		};
/* End PBXSourcesBuildPhase section */

/* Begin PBXVariantGroup section */
		BF9413E929B5EB6E00CFB3D1 /* Main.storyboard */ = {
			isa = PBXVariantGroup;
			children = (
				BF9413EA29B5EB6E00CFB3D1 /* Base */,
			);
			name = Main.storyboard;
			sourceTree = "<group>";
		};
		BF9413EE29B5EB6F00CFB3D1 /* LaunchScreen.storyboard */ = {
			isa = PBXVariantGroup;
			children = (
				BF9413EF29B5EB6F00CFB3D1 /* Base */,
			);
			name = LaunchScreen.storyboard;
			sourceTree = "<group>";
		};
/* End PBXVariantGroup section */

/* Begin XCBuildConfiguration section */
		BF9413F229B5EB6F00CFB3D1 /* Debug */ = {
			isa = XCBuildConfiguration;
			buildSettings = {
				ALWAYS_SEARCH_USER_PATHS = NO;
				CLANG_ANALYZER_NONNULL = YES;
				CLANG_ANALYZER_NUMBER_OBJECT_CONVERSION = YES_AGGRESSIVE;
				CLANG_CXX_LANGUAGE_STANDARD = "gnu++20";
				CLANG_ENABLE_MODULES = YES;
				CLANG_ENABLE_OBJC_ARC = YES;
				CLANG_ENABLE_OBJC_WEAK = YES;
				CLANG_WARN_BLOCK_CAPTURE_AUTORELEASING = YES;
				CLANG_WARN_BOOL_CONVERSION = YES;
				CLANG_WARN_COMMA = YES;
				CLANG_WARN_CONSTANT_CONVERSION = YES;
				CLANG_WARN_DEPRECATED_OBJC_IMPLEMENTATIONS = YES;
				CLANG_WARN_DIRECT_OBJC_ISA_USAGE = YES_ERROR;
				CLANG_WARN_DOCUMENTATION_COMMENTS = YES;
				CLANG_WARN_EMPTY_BODY = YES;
				CLANG_WARN_ENUM_CONVERSION = YES;
				CLANG_WARN_INFINITE_RECURSION = YES;
				CLANG_WARN_INT_CONVERSION = YES;
				CLANG_WARN_NON_LITERAL_NULL_CONVERSION = YES;
				CLANG_WARN_OBJC_IMPLICIT_RETAIN_SELF = YES;
				CLANG_WARN_OBJC_LITERAL_CONVERSION = YES;
				CLANG_WARN_OBJC_ROOT_CLASS = YES_ERROR;
				CLANG_WARN_QUOTED_INCLUDE_IN_FRAMEWORK_HEADER = YES;
				CLANG_WARN_RANGE_LOOP_ANALYSIS = YES;
				CLANG_WARN_STRICT_PROTOTYPES = YES;
				CLANG_WARN_SUSPICIOUS_MOVE = YES;
				CLANG_WARN_UNGUARDED_AVAILABILITY = YES_AGGRESSIVE;
				CLANG_WARN_UNREACHABLE_CODE = YES;
				CLANG_WARN__DUPLICATE_METHOD_MATCH = YES;
				COPY_PHASE_STRIP = NO;
				DEBUG_INFORMATION_FORMAT = dwarf;
				ENABLE_STRICT_OBJC_MSGSEND = YES;
				ENABLE_TESTABILITY = YES;
				GCC_C_LANGUAGE_STANDARD = gnu11;
				GCC_DYNAMIC_NO_PIC = NO;
				GCC_NO_COMMON_BLOCKS = YES;
				GCC_OPTIMIZATION_LEVEL = 0;
				GCC_PREPROCESSOR_DEFINITIONS = (
					"DEBUG=1",
					"$(inherited)",
				);
				GCC_WARN_64_TO_32_BIT_CONVERSION = YES;
				GCC_WARN_ABOUT_RETURN_TYPE = YES_ERROR;
				GCC_WARN_UNDECLARED_SELECTOR = YES;
				GCC_WARN_UNINITIALIZED_AUTOS = YES_AGGRESSIVE;
				GCC_WARN_UNUSED_FUNCTION = YES;
				GCC_WARN_UNUSED_VARIABLE = YES;
				IPHONEOS_DEPLOYMENT_TARGET = 16.2;
				MTL_ENABLE_DEBUG_INFO = INCLUDE_SOURCE;
				MTL_FAST_MATH = YES;
				ONLY_ACTIVE_ARCH = YES;
				SDKROOT = iphoneos;
				SWIFT_ACTIVE_COMPILATION_CONDITIONS = DEBUG;
				SWIFT_OPTIMIZATION_LEVEL = "-Onone";
			};
			name = Debug;
		};
		BF9413F329B5EB6F00CFB3D1 /* Release */ = {
			isa = XCBuildConfiguration;
			buildSettings = {
				ALWAYS_SEARCH_USER_PATHS = NO;
				CLANG_ANALYZER_NONNULL = YES;
				CLANG_ANALYZER_NUMBER_OBJECT_CONVERSION = YES_AGGRESSIVE;
				CLANG_CXX_LANGUAGE_STANDARD = "gnu++20";
				CLANG_ENABLE_MODULES = YES;
				CLANG_ENABLE_OBJC_ARC = YES;
				CLANG_ENABLE_OBJC_WEAK = YES;
				CLANG_WARN_BLOCK_CAPTURE_AUTORELEASING = YES;
				CLANG_WARN_BOOL_CONVERSION = YES;
				CLANG_WARN_COMMA = YES;
				CLANG_WARN_CONSTANT_CONVERSION = YES;
				CLANG_WARN_DEPRECATED_OBJC_IMPLEMENTATIONS = YES;
				CLANG_WARN_DIRECT_OBJC_ISA_USAGE = YES_ERROR;
				CLANG_WARN_DOCUMENTATION_COMMENTS = YES;
				CLANG_WARN_EMPTY_BODY = YES;
				CLANG_WARN_ENUM_CONVERSION = YES;
				CLANG_WARN_INFINITE_RECURSION = YES;
				CLANG_WARN_INT_CONVERSION = YES;
				CLANG_WARN_NON_LITERAL_NULL_CONVERSION = YES;
				CLANG_WARN_OBJC_IMPLICIT_RETAIN_SELF = YES;
				CLANG_WARN_OBJC_LITERAL_CONVERSION = YES;
				CLANG_WARN_OBJC_ROOT_CLASS = YES_ERROR;
				CLANG_WARN_QUOTED_INCLUDE_IN_FRAMEWORK_HEADER = YES;
				CLANG_WARN_RANGE_LOOP_ANALYSIS = YES;
				CLANG_WARN_STRICT_PROTOTYPES = YES;
				CLANG_WARN_SUSPICIOUS_MOVE = YES;
				CLANG_WARN_UNGUARDED_AVAILABILITY = YES_AGGRESSIVE;
				CLANG_WARN_UNREACHABLE_CODE = YES;
				CLANG_WARN__DUPLICATE_METHOD_MATCH = YES;
				COPY_PHASE_STRIP = NO;
				DEBUG_INFORMATION_FORMAT = "dwarf-with-dsym";
				ENABLE_NS_ASSERTIONS = NO;
				ENABLE_STRICT_OBJC_MSGSEND = YES;
				GCC_C_LANGUAGE_STANDARD = gnu11;
				GCC_NO_COMMON_BLOCKS = YES;
				GCC_WARN_64_TO_32_BIT_CONVERSION = YES;
				GCC_WARN_ABOUT_RETURN_TYPE = YES_ERROR;
				GCC_WARN_UNDECLARED_SELECTOR = YES;
				GCC_WARN_UNINITIALIZED_AUTOS = YES_AGGRESSIVE;
				GCC_WARN_UNUSED_FUNCTION = YES;
				GCC_WARN_UNUSED_VARIABLE = YES;
				IPHONEOS_DEPLOYMENT_TARGET = 16.2;
				MTL_ENABLE_DEBUG_INFO = NO;
				MTL_FAST_MATH = YES;
				SDKROOT = iphoneos;
				SWIFT_COMPILATION_MODE = wholemodule;
				SWIFT_OPTIMIZATION_LEVEL = "-O";
				VALIDATE_PRODUCT = YES;
			};
			name = Release;
		};
		BF9413F529B5EB6F00CFB3D1 /* Debug */ = {
			isa = XCBuildConfiguration;
			buildSettings = {
				ASSETCATALOG_COMPILER_APPICON_NAME = AppIcon;
				ASSETCATALOG_COMPILER_GLOBAL_ACCENT_COLOR_NAME = AccentColor;
				ASSETCATALOG_COMPILER_INCLUDE_ALL_APPICON_ASSETS = NO;
				CODE_SIGN_STYLE = Automatic;
				CURRENT_PROJECT_VERSION = 1;
				GENERATE_INFOPLIST_FILE = YES;
				INFOPLIST_FILE = Project_02/Info.plist;
				INFOPLIST_KEY_UIApplicationSupportsIndirectInputEvents = YES;
				INFOPLIST_KEY_UILaunchStoryboardName = LaunchScreen;
				INFOPLIST_KEY_UIMainStoryboardFile = Main;
				INFOPLIST_KEY_UISupportedInterfaceOrientations_iPad = "UIInterfaceOrientationPortrait UIInterfaceOrientationPortraitUpsideDown UIInterfaceOrientationLandscapeLeft UIInterfaceOrientationLandscapeRight";
				INFOPLIST_KEY_UISupportedInterfaceOrientations_iPhone = "UIInterfaceOrientationPortrait UIInterfaceOrientationLandscapeLeft UIInterfaceOrientationLandscapeRight";
				LD_RUNPATH_SEARCH_PATHS = (
					"$(inherited)",
					"@executable_path/Frameworks",
				);
				MARKETING_VERSION = 1.0;
				PRODUCT_BUNDLE_IDENTIFIER = "com.example.Project-02";
				PRODUCT_NAME = "$(TARGET_NAME)";
				SWIFT_EMIT_LOC_STRINGS = YES;
				SWIFT_VERSION = 5.0;
				TARGETED_DEVICE_FAMILY = "1,2";
			};
			name = Debug;
		};
		BF9413F629B5EB6F00CFB3D1 /* Release */ = {
			isa = XCBuildConfiguration;
			buildSettings = {
				ASSETCATALOG_COMPILER_APPICON_NAME = AppIcon;
				ASSETCATALOG_COMPILER_GLOBAL_ACCENT_COLOR_NAME = AccentColor;
				ASSETCATALOG_COMPILER_INCLUDE_ALL_APPICON_ASSETS = NO;
				CODE_SIGN_STYLE = Automatic;
				CURRENT_PROJECT_VERSION = 1;
				GENERATE_INFOPLIST_FILE = YES;
				INFOPLIST_FILE = Project_02/Info.plist;
				INFOPLIST_KEY_UIApplicationSupportsIndirectInputEvents = YES;
				INFOPLIST_KEY_UILaunchStoryboardName = LaunchScreen;
				INFOPLIST_KEY_UIMainStoryboardFile = Main;
				INFOPLIST_KEY_UISupportedInterfaceOrientations_iPad = "UIInterfaceOrientationPortrait UIInterfaceOrientationPortraitUpsideDown UIInterfaceOrientationLandscapeLeft UIInterfaceOrientationLandscapeRight";
				INFOPLIST_KEY_UISupportedInterfaceOrientations_iPhone = "UIInterfaceOrientationPortrait UIInterfaceOrientationLandscapeLeft UIInterfaceOrientationLandscapeRight";
				LD_RUNPATH_SEARCH_PATHS = (
					"$(inherited)",
					"@executable_path/Frameworks",
				);
				MARKETING_VERSION = 1.0;
				PRODUCT_BUNDLE_IDENTIFIER = "com.example.Project-02";
				PRODUCT_NAME = "$(TARGET_NAME)";
				SWIFT_EMIT_LOC_STRINGS = YES;
				SWIFT_VERSION = 5.0;
				TARGETED_DEVICE_FAMILY = "1,2";
			};
			name = Release;
		};
/* End XCBuildConfiguration section */

/* Begin XCConfigurationList section */
		BF9413DB29B5EB6E00CFB3D1 /* Build configuration list for PBXProject "Project_02" */ = {
			isa = XCConfigurationList;
			buildConfigurations = (
				BF9413F229B5EB6F00CFB3D1 /* Debug */,
				BF9413F329B5EB6F00CFB3D1 /* Release */,
			);
			defaultConfigurationIsVisible = 0;
			defaultConfigurationName = Release;
		};
		BF9413F429B5EB6F00CFB3D1 /* Build configuration list for PBXNativeTarget "Project_02" */ = {
			isa = XCConfigurationList;
			buildConfigurations = (
				BF9413F529B5EB6F00CFB3D1 /* Debug */,
				BF9413F629B5EB6F00CFB3D1 /* Release */,
			);
			defaultConfigurationIsVisible = 0;
			defaultConfigurationName = Release;
		};
/* End XCConfigurationList section */

/* Begin XCRemoteSwiftPackageReference section */
		BF94140129B60D1D00CFB3D1 /* XCRemoteSwiftPackageReference "Nuke" */ = {
			isa = XCRemoteSwiftPackageReference;
			repositoryURL = "https://github.com/kean/Nuke";
			requirement = {
				kind = exactVersion;
				version = 9.6.1;
			};
		};
/* End XCRemoteSwiftPackageReference section */

/* Begin XCSwiftPackageProductDependency section */
		BF94140229B60D1D00CFB3D1 /* Nuke */ = {
			isa = XCSwiftPackageProductDependency;
			package = BF94140129B60D1D00CFB3D1 /* XCRemoteSwiftPackageReference "Nuke" */;
			productName = Nuke;
		};
/* End XCSwiftPackageProductDependency section */
	};
	rootObject = BF9413D829B5EB6E00CFB3D1 /* Project object */;
}
